Microsoft Visual Studio Solution File, Format Version 12.00
# Visual Studio Version 17
VisualStudioVersion = 17.5.2.0
MinimumVisualStudioVersion = 10.0.40219.1
Project("{FAE04EC0-301F-11D3-BF4B-00C04F79EFBC}") = "Chefs", "Chefs.csproj", "{042866B9-758B-B68E-32F3-4955A2A28945}"
EndProject
Global
	GlobalSection(SolutionConfigurationPlatforms) = preSolution
		Debug|Any CPU = Debug|Any CPU
		Release|Any CPU = Release|Any CPU
	EndGlobalSection
	GlobalSection(ProjectConfigurationPlatforms) = postSolution
		{042866B9-758B-B68E-32F3-4955A2A28945}.Debug|Any CPU.ActiveCfg = Debug|Any CPU
		{042866B9-758B-B68E-32F3-4955A2A28945}.Debug|Any CPU.Build.0 = Debug|Any CPU
		{042866B9-758B-B68E-32F3-4955A2A28945}.Release|Any CPU.ActiveCfg = Release|Any CPU
		{042866B9-758B-B68E-32F3-4955A2A28945}.Release|Any CPU.Build.0 = Release|Any CPU
	EndGlobalSection
	GlobalSection(SolutionProperties) = preSolution
		HideSolutionNode = FALSE
	EndGlobalSection
	GlobalSection(ExtensibilityGlobals) = postSolution
		SolutionGuid = {0E6F5457-3630-46E0-AD00-BA646E4B3CA3}
	EndGlobalSection
EndGlobal
