
Microsoft Visual Studio Solution File, Format Version 12.00
# Visual Studio Version 17
VisualStudioVersion = 17.10.35122.118
MinimumVisualStudioVersion = 10.0.40219.1
Project("{FAE04EC0-301F-11D3-BF4B-00C04F79EFBC}") = "ChefsApi", "ChefsApi\ChefsApi.csproj", "{EC45A29E-72CE-43D7-869D-CED348D230CF}"
EndProject
Project("{FAE04EC0-301F-11D3-BF4B-00C04F79EFBC}") = "ChefsApi.Server", "ChefsApi.Server\ChefsApi.Server.csproj", "{2AFD2591-1E11-49A1-B72F-A4BF4197CEB4}"
EndProject
Project("{2150E333-8FDC-42A3-9474-1A3956D46DE8}") = "Solution Items", "Solution Items", "{E293A121-035A-4788-A5F9-F15987E40E2C}"
	ProjectSection(SolutionItems) = preProject
		.gitignore = .gitignore
		Directory.Build.props = Directory.Build.props
		Directory.Build.targets = Directory.Build.targets
		Directory.Packages.props = Directory.Packages.props
		global.json = global.json
	EndProjectSection
EndProject
Global
	GlobalSection(SolutionConfigurationPlatforms) = preSolution
		Debug|Any CPU = Debug|Any CPU
		Release|Any CPU = Release|Any CPU
	EndGlobalSection
	GlobalSection(ProjectConfigurationPlatforms) = postSolution
		{EC45A29E-72CE-43D7-869D-CED348D230CF}.Debug|Any CPU.ActiveCfg = Debug|Any CPU
		{EC45A29E-72CE-43D7-869D-CED348D230CF}.Debug|Any CPU.Build.0 = Debug|Any CPU
		{EC45A29E-72CE-43D7-869D-CED348D230CF}.Debug|Any CPU.Deploy.0 = Debug|Any CPU
		{EC45A29E-72CE-43D7-869D-CED348D230CF}.Release|Any CPU.ActiveCfg = Release|Any CPU
		{EC45A29E-72CE-43D7-869D-CED348D230CF}.Release|Any CPU.Build.0 = Release|Any CPU
		{EC45A29E-72CE-43D7-869D-CED348D230CF}.Release|Any CPU.Deploy.0 = Release|Any CPU
		{2AFD2591-1E11-49A1-B72F-A4BF4197CEB4}.Debug|Any CPU.ActiveCfg = Debug|Any CPU
		{2AFD2591-1E11-49A1-B72F-A4BF4197CEB4}.Debug|Any CPU.Build.0 = Debug|Any CPU
		{2AFD2591-1E11-49A1-B72F-A4BF4197CEB4}.Debug|Any CPU.Deploy.0 = Debug|Any CPU
		{2AFD2591-1E11-49A1-B72F-A4BF4197CEB4}.Release|Any CPU.ActiveCfg = Release|Any CPU
		{2AFD2591-1E11-49A1-B72F-A4BF4197CEB4}.Release|Any CPU.Build.0 = Release|Any CPU
		{2AFD2591-1E11-49A1-B72F-A4BF4197CEB4}.Release|Any CPU.Deploy.0 = Release|Any CPU
	EndGlobalSection
	GlobalSection(SolutionProperties) = preSolution
		HideSolutionNode = FALSE
	EndGlobalSection
	GlobalSection(ExtensibilityGlobals) = postSolution
		SolutionGuid = {F42A3BA0-B091-41C7-BAC9-8280DA0817B6}
	EndGlobalSection
EndGlobal
